
Microsoft Visual Studio Solution File, Format Version 12.00
# Visual Studio Version 17
VisualStudioVersion = 17.8.34316.72
MinimumVisualStudioVersion = 10.0.40219.1
Project("{9A19103F-16F7-4668-BE54-9A1E7A4F7556}") = "cs2", "cs2\cs2.csproj", "{13B54C72-D391-4F89-9660-A9AABB114AC3}"
EndProject
Global
	GlobalSection(SolutionConfigurationPlatforms) = preSolution
		Debug|Any CPU = Debug|Any CPU
		Debug|x64 = Debug|x64
		Release|Any CPU = Release|Any CPU
		Release|x64 = Release|x64
	EndGlobalSection
	GlobalSection(ProjectConfigurationPlatforms) = postSolution
		{13B54C72-D391-4F89-9660-A9AABB114AC3}.Debug|Any CPU.ActiveCfg = Debug|Any CPU
		{13B54C72-D391-4F89-9660-A9AABB114AC3}.Debug|Any CPU.Build.0 = Debug|Any CPU
		{13B54C72-D391-4F89-9660-A9AABB114AC3}.Debug|x64.ActiveCfg = Debug|x64
		{13B54C72-D391-4F89-9660-A9AABB114AC3}.Debug|x64.Build.0 = Debug|x64
		{13B54C72-D391-4F89-9660-A9AABB114AC3}.Release|Any CPU.ActiveCfg = Release|Any CPU
		{13B54C72-D391-4F89-9660-A9AABB114AC3}.Release|Any CPU.Build.0 = Release|Any CPU
		{13B54C72-D391-4F89-9660-A9AABB114AC3}.Release|x64.ActiveCfg = Release|x64
		{13B54C72-D391-4F89-9660-A9AABB114AC3}.Release|x64.Build.0 = Release|x64
	EndGlobalSection
	GlobalSection(SolutionProperties) = preSolution
		HideSolutionNode = FALSE
	EndGlobalSection
	GlobalSection(ExtensibilityGlobals) = postSolution
		SolutionGuid = {C053DBEB-988B-45E9-80F8-E4BAFF814267}
	EndGlobalSection
EndGlobal
